
Microsoft Visual Studio Solution File, Format Version 12.00
# Visual Studio 15
Project("{FAE04EC0-301F-11D3-BF4B-00C04F79EFBC}") = "Assembly-CSharp", "Assembly-CSharp.csproj", "{EDC14625-8CD3-9DCC-A120-529F1D85AA3D}"
EndProject
Global
	GlobalSection(SolutionConfigurationPlatforms) = preSolution
		Debug|Any CPU = Debug|Any CPU
		Release|Any CPU = Release|Any CPU
	EndGlobalSection
	GlobalSection(ProjectConfigurationPlatforms) = postSolution
		{EDC14625-8CD3-9DCC-A120-529F1D85AA3D}.Debug|Any CPU.ActiveCfg = Debug|Any CPU
		{EDC14625-8CD3-9DCC-A120-529F1D85AA3D}.Debug|Any CPU.Build.0 = Debug|Any CPU
		{EDC14625-8CD3-9DCC-A120-529F1D85AA3D}.Release|Any CPU.ActiveCfg = Release|Any CPU
		{EDC14625-8CD3-9DCC-A120-529F1D85AA3D}.Release|Any CPU.Build.0 = Release|Any CPU
	EndGlobalSection
	GlobalSection(SolutionProperties) = preSolution
		HideSolutionNode = FALSE
	EndGlobalSection
EndGlobal
